# This file is automatically @generated by Cargo.
# It is not intended for manual editing.
version = 4

[[package]]
name = "avencrew-contracts"
version = "0.1.0"

[[package]]
name = "avencrew-harness"
version = "0.1.0"
dependencies = [
 "avencrew-contracts",
]

[[package]]
name = "avencrew-store-sqlite"
version = "0.1.0"
dependencies = [
 "avencrew-contracts",
]

[[package]]
name = "avencrew-supervisor"
version = "0.1.0"
dependencies = [
 "avencrew-contracts",
 "avencrew-harness",
 "avencrew-store-sqlite",
]
